
Microsoft Visual Studio Solution File, Format Version 12.00
# Visual Studio 15
VisualStudioVersion = 15.0.26430.16
MinimumVisualStudioVersion = 10.0.40219.1
Project("{FAE04EC0-301F-11D3-BF4B-00C04F79EFBC}") = "Linq", "Linq\Linq.csproj", "{64AAD4BF-A968-497A-BB6B-45D6CA8E2BCE}"
EndProject
Project("{FAE04EC0-301F-11D3-BF4B-00C04F79EFBC}") = "General", "General\General.csproj", "{64B7FF4C-7C36-4788-9C43-45C90971B0CB}"
EndProject
Project("{FAE04EC0-301F-11D3-BF4B-00C04F79EFBC}") = "InheritanceSimple", "InheritanceSimple\InheritanceSimple.csproj", "{0DE1C1C9-926A-4696-AA6D-0E6717B20D85}"
EndProject
Project("{FAE04EC0-301F-11D3-BF4B-00C04F79EFBC}") = "StringOperation", "StringOperation\StringOperation.csproj", "{59DFBB9E-6BD5-46C0-B822-72E377B96AF3}"
EndProject
Project("{FAE04EC0-301F-11D3-BF4B-00C04F79EFBC}") = "SortMethods", "SortMethods\SortMethods.csproj", "{769DB863-162D-4ADE-9486-6A5E034ADAC6}"
EndProject
Project("{FAE04EC0-301F-11D3-BF4B-00C04F79EFBC}") = "DateManipulation", "DateManipulation\DateManipulation.csproj", "{B8E5F9D4-B500-42B5-BEF5-3D0A7E343ABF}"
EndProject
Project("{FAE04EC0-301F-11D3-BF4B-00C04F79EFBC}") = "Inheritance", "Inheritance\Inheritance.csproj", "{8236D4BB-A6DA-419D-9787-724D9F21EC4A}"
EndProject
Project("{FAE04EC0-301F-11D3-BF4B-00C04F79EFBC}") = "ProjectToTest", "ProjectToTest\ProjectToTest.csproj", "{42FAEE5D-773E-4BCC-BC26-5C42AD3B8AF5}"
EndProject
Project("{FAE04EC0-301F-11D3-BF4B-00C04F79EFBC}") = "ProjectToTest_Test", "ProjectToTest_Test\ProjectToTest_Test.csproj", "{34778295-D981-42E5-9D27-C97D4322BA9B}"
EndProject
Project("{FAE04EC0-301F-11D3-BF4B-00C04F79EFBC}") = "Singleton", "Singleton\Singleton.csproj", "{D0154987-A54A-4755-BDAC-CA56A8005922}"
EndProject
Project("{FAE04EC0-301F-11D3-BF4B-00C04F79EFBC}") = "AccessModifier", "AccessModifier\AccessModifier.csproj", "{C2FDAB41-076C-49DD-A039-D8DB8A81BD29}"
EndProject
Project("{FAE04EC0-301F-11D3-BF4B-00C04F79EFBC}") = "Logging", "Logging\Logging.csproj", "{647E2FD7-44A4-4243-97E2-DCBB1680ECEE}"
EndProject
Project("{FAE04EC0-301F-11D3-BF4B-00C04F79EFBC}") = "Constructors", "Constructors\Constructors.csproj", "{9E51E20D-2E2C-4E5B-B9F8-4B6CD49040F9}"
EndProject
Project("{FAE04EC0-301F-11D3-BF4B-00C04F79EFBC}") = "Collections", "Collections\Collections.csproj", "{00A7DE66-E41C-4F69-8BD5-5959103B48FF}"
EndProject
Project("{FAE04EC0-301F-11D3-BF4B-00C04F79EFBC}") = "TestAssert", "TestAssert\TestAssert.csproj", "{89A4089A-C054-42F7-8899-88DF12131EB9}"
EndProject
Project("{FAE04EC0-301F-11D3-BF4B-00C04F79EFBC}") = "Serialisation", "Serialisation\Serialisation.csproj", "{B70EB7FB-A0D8-4CB5-B8EA-C9389AE71332}"
EndProject
Project("{FAE04EC0-301F-11D3-BF4B-00C04F79EFBC}") = "DataServiceTest", "DataServiceTest\DataServiceTest.csproj", "{CEFA0CB8-6FEA-4205-89C0-EB8553FFF6B0}"
EndProject
Project("{FAE04EC0-301F-11D3-BF4B-00C04F79EFBC}") = "DataServiceTest_Entity_6.0", "DataServiceTest_Entity_6.0\DataServiceTest_Entity_6.0.csproj", "{2758E6A9-F9CE-46DF-A92F-40BDF374A08B}"
EndProject
Project("{FAE04EC0-301F-11D3-BF4B-00C04F79EFBC}") = "WPFTest", "WPFTest\WPFTest.csproj", "{4395DEF0-E4D1-44E3-94D2-E39C0F645449}"
EndProject
Project("{FAE04EC0-301F-11D3-BF4B-00C04F79EFBC}") = "FileManipulation", "FileManipulation\FileManipulation.csproj", "{7EE1D5BB-5EFE-4A96-8064-638B89D5925F}"
EndProject
Project("{FAE04EC0-301F-11D3-BF4B-00C04F79EFBC}") = "SQL", "SQL\SQL.csproj", "{3028CA5A-17A3-4B15-92EE-9DC37B7CAC20}"
EndProject
Project("{FAE04EC0-301F-11D3-BF4B-00C04F79EFBC}") = "CertificationTraining", "CertificationTraining\CertificationTraining.csproj", "{562716BD-B006-465F-AF19-9FD24C659D50}"
EndProject
Project("{FAE04EC0-301F-11D3-BF4B-00C04F79EFBC}") = "Serialize", "Serialize\Serialize.csproj", "{19FE52D8-4E77-4705-BB22-EBD5958AB1A1}"
EndProject
Project("{FAE04EC0-301F-11D3-BF4B-00C04F79EFBC}") = "CallBack", "CallBack\CallBack.csproj", "{6B1E947C-3E26-46C5-ABBF-8A80F0AB0494}"
EndProject
Project("{FAE04EC0-301F-11D3-BF4B-00C04F79EFBC}") = "FuncActionPredicate", "FuncActionPredicate\FuncActionPredicate.csproj", "{47C73F12-2D34-4CF5-8D3F-F1D6D9036032}"
EndProject
Project("{FAE04EC0-301F-11D3-BF4B-00C04F79EFBC}") = "StringFormatting", "StringFormatting\StringFormatting.csproj", "{64CDBC39-2218-4B85-90FB-5462D72F2DA7}"
EndProject
Project("{FAE04EC0-301F-11D3-BF4B-00C04F79EFBC}") = "ConditionalCompilation", "ConditionalCompilation\ConditionalCompilation.csproj", "{42400805-459E-4C08-A53B-A5A05D3F79BE}"
EndProject
Project("{FAE04EC0-301F-11D3-BF4B-00C04F79EFBC}") = "ThreadAndCo", "ThreadAndCo\ThreadAndCo.csproj", "{90432D0A-5959-4186-BCE7-8F4D3604DAB0}"
EndProject
Project("{FAE04EC0-301F-11D3-BF4B-00C04F79EFBC}") = "TaskAndCo", "TaskAndCo\TaskAndCo.csproj", "{5ED3D408-9123-4D29-A2ED-C4C2DC99AB88}"
EndProject
Project("{FAE04EC0-301F-11D3-BF4B-00C04F79EFBC}") = "Delegate", "Delegate\Delegate.csproj", "{BCBD44A4-FF7E-4C8C-8421-A469A0B3F173}"
EndProject
Project("{FAE04EC0-301F-11D3-BF4B-00C04F79EFBC}") = "Casting", "Casting\Casting.csproj", "{18F6A6A4-963D-4833-B1DA-93142BF5437C}"
EndProject
Project("{FAE04EC0-301F-11D3-BF4B-00C04F79EFBC}") = "Enumerator", "Enumerator\Enumerator.csproj", "{F12E32AE-DBE5-499D-888E-999FB667DD2E}"
EndProject
Global
	GlobalSection(SolutionConfigurationPlatforms) = preSolution
		Debug|Any CPU = Debug|Any CPU
		Release|Any CPU = Release|Any CPU
		TestConfig1|Any CPU = TestConfig1|Any CPU
		TestConfig2|Any CPU = TestConfig2|Any CPU
	EndGlobalSection
	GlobalSection(ProjectConfigurationPlatforms) = postSolution
		{64AAD4BF-A968-497A-BB6B-45D6CA8E2BCE}.Debug|Any CPU.ActiveCfg = Debug|Any CPU
		{64AAD4BF-A968-497A-BB6B-45D6CA8E2BCE}.Debug|Any CPU.Build.0 = Debug|Any CPU
		{64AAD4BF-A968-497A-BB6B-45D6CA8E2BCE}.Release|Any CPU.ActiveCfg = Release|Any CPU
		{64AAD4BF-A968-497A-BB6B-45D6CA8E2BCE}.Release|Any CPU.Build.0 = Release|Any CPU
		{64AAD4BF-A968-497A-BB6B-45D6CA8E2BCE}.TestConfig1|Any CPU.ActiveCfg = Release|Any CPU
		{64AAD4BF-A968-497A-BB6B-45D6CA8E2BCE}.TestConfig1|Any CPU.Build.0 = Release|Any CPU
		{64AAD4BF-A968-497A-BB6B-45D6CA8E2BCE}.TestConfig2|Any CPU.ActiveCfg = Release|Any CPU
		{64AAD4BF-A968-497A-BB6B-45D6CA8E2BCE}.TestConfig2|Any CPU.Build.0 = Release|Any CPU
		{64B7FF4C-7C36-4788-9C43-45C90971B0CB}.Debug|Any CPU.ActiveCfg = Debug|Any CPU
		{64B7FF4C-7C36-4788-9C43-45C90971B0CB}.Debug|Any CPU.Build.0 = Debug|Any CPU
		{64B7FF4C-7C36-4788-9C43-45C90971B0CB}.Release|Any CPU.ActiveCfg = Release|Any CPU
		{64B7FF4C-7C36-4788-9C43-45C90971B0CB}.Release|Any CPU.Build.0 = Release|Any CPU
		{64B7FF4C-7C36-4788-9C43-45C90971B0CB}.TestConfig1|Any CPU.ActiveCfg = Release|Any CPU
		{64B7FF4C-7C36-4788-9C43-45C90971B0CB}.TestConfig1|Any CPU.Build.0 = Release|Any CPU
		{64B7FF4C-7C36-4788-9C43-45C90971B0CB}.TestConfig2|Any CPU.ActiveCfg = Release|Any CPU
		{64B7FF4C-7C36-4788-9C43-45C90971B0CB}.TestConfig2|Any CPU.Build.0 = Release|Any CPU
		{0DE1C1C9-926A-4696-AA6D-0E6717B20D85}.Debug|Any CPU.ActiveCfg = Debug|Any CPU
		{0DE1C1C9-926A-4696-AA6D-0E6717B20D85}.Debug|Any CPU.Build.0 = Debug|Any CPU
		{0DE1C1C9-926A-4696-AA6D-0E6717B20D85}.Release|Any CPU.ActiveCfg = Release|Any CPU
		{0DE1C1C9-926A-4696-AA6D-0E6717B20D85}.Release|Any CPU.Build.0 = Release|Any CPU
		{0DE1C1C9-926A-4696-AA6D-0E6717B20D85}.TestConfig1|Any CPU.ActiveCfg = Release|Any CPU
		{0DE1C1C9-926A-4696-AA6D-0E6717B20D85}.TestConfig1|Any CPU.Build.0 = Release|Any CPU
		{0DE1C1C9-926A-4696-AA6D-0E6717B20D85}.TestConfig2|Any CPU.ActiveCfg = Release|Any CPU
		{0DE1C1C9-926A-4696-AA6D-0E6717B20D85}.TestConfig2|Any CPU.Build.0 = Release|Any CPU
		{59DFBB9E-6BD5-46C0-B822-72E377B96AF3}.Debug|Any CPU.ActiveCfg = Debug|Any CPU
		{59DFBB9E-6BD5-46C0-B822-72E377B96AF3}.Debug|Any CPU.Build.0 = Debug|Any CPU
		{59DFBB9E-6BD5-46C0-B822-72E377B96AF3}.Release|Any CPU.ActiveCfg = Release|Any CPU
		{59DFBB9E-6BD5-46C0-B822-72E377B96AF3}.Release|Any CPU.Build.0 = Release|Any CPU
		{59DFBB9E-6BD5-46C0-B822-72E377B96AF3}.TestConfig1|Any CPU.ActiveCfg = Release|Any CPU
		{59DFBB9E-6BD5-46C0-B822-72E377B96AF3}.TestConfig1|Any CPU.Build.0 = Release|Any CPU
		{59DFBB9E-6BD5-46C0-B822-72E377B96AF3}.TestConfig2|Any CPU.ActiveCfg = Release|Any CPU
		{59DFBB9E-6BD5-46C0-B822-72E377B96AF3}.TestConfig2|Any CPU.Build.0 = Release|Any CPU
		{769DB863-162D-4ADE-9486-6A5E034ADAC6}.Debug|Any CPU.ActiveCfg = Debug|Any CPU
		{769DB863-162D-4ADE-9486-6A5E034ADAC6}.Debug|Any CPU.Build.0 = Debug|Any CPU
		{769DB863-162D-4ADE-9486-6A5E034ADAC6}.Release|Any CPU.ActiveCfg = Release|Any CPU
		{769DB863-162D-4ADE-9486-6A5E034ADAC6}.Release|Any CPU.Build.0 = Release|Any CPU
		{769DB863-162D-4ADE-9486-6A5E034ADAC6}.TestConfig1|Any CPU.ActiveCfg = Release|Any CPU
		{769DB863-162D-4ADE-9486-6A5E034ADAC6}.TestConfig1|Any CPU.Build.0 = Release|Any CPU
		{769DB863-162D-4ADE-9486-6A5E034ADAC6}.TestConfig2|Any CPU.ActiveCfg = Release|Any CPU
		{769DB863-162D-4ADE-9486-6A5E034ADAC6}.TestConfig2|Any CPU.Build.0 = Release|Any CPU
		{B8E5F9D4-B500-42B5-BEF5-3D0A7E343ABF}.Debug|Any CPU.ActiveCfg = Debug|Any CPU
		{B8E5F9D4-B500-42B5-BEF5-3D0A7E343ABF}.Debug|Any CPU.Build.0 = Debug|Any CPU
		{B8E5F9D4-B500-42B5-BEF5-3D0A7E343ABF}.Release|Any CPU.ActiveCfg = Release|Any CPU
		{B8E5F9D4-B500-42B5-BEF5-3D0A7E343ABF}.Release|Any CPU.Build.0 = Release|Any CPU
		{B8E5F9D4-B500-42B5-BEF5-3D0A7E343ABF}.TestConfig1|Any CPU.ActiveCfg = Release|Any CPU
		{B8E5F9D4-B500-42B5-BEF5-3D0A7E343ABF}.TestConfig1|Any CPU.Build.0 = Release|Any CPU
		{B8E5F9D4-B500-42B5-BEF5-3D0A7E343ABF}.TestConfig2|Any CPU.ActiveCfg = Release|Any CPU
		{B8E5F9D4-B500-42B5-BEF5-3D0A7E343ABF}.TestConfig2|Any CPU.Build.0 = Release|Any CPU
		{8236D4BB-A6DA-419D-9787-724D9F21EC4A}.Debug|Any CPU.ActiveCfg = Debug|Any CPU
		{8236D4BB-A6DA-419D-9787-724D9F21EC4A}.Debug|Any CPU.Build.0 = Debug|Any CPU
		{8236D4BB-A6DA-419D-9787-724D9F21EC4A}.Release|Any CPU.ActiveCfg = Release|Any CPU
		{8236D4BB-A6DA-419D-9787-724D9F21EC4A}.Release|Any CPU.Build.0 = Release|Any CPU
		{8236D4BB-A6DA-419D-9787-724D9F21EC4A}.TestConfig1|Any CPU.ActiveCfg = Release|Any CPU
		{8236D4BB-A6DA-419D-9787-724D9F21EC4A}.TestConfig1|Any CPU.Build.0 = Release|Any CPU
		{8236D4BB-A6DA-419D-9787-724D9F21EC4A}.TestConfig2|Any CPU.ActiveCfg = Release|Any CPU
		{8236D4BB-A6DA-419D-9787-724D9F21EC4A}.TestConfig2|Any CPU.Build.0 = Release|Any CPU
		{42FAEE5D-773E-4BCC-BC26-5C42AD3B8AF5}.Debug|Any CPU.ActiveCfg = Debug|Any CPU
		{42FAEE5D-773E-4BCC-BC26-5C42AD3B8AF5}.Debug|Any CPU.Build.0 = Debug|Any CPU
		{42FAEE5D-773E-4BCC-BC26-5C42AD3B8AF5}.Release|Any CPU.ActiveCfg = Release|Any CPU
		{42FAEE5D-773E-4BCC-BC26-5C42AD3B8AF5}.Release|Any CPU.Build.0 = Release|Any CPU
		{42FAEE5D-773E-4BCC-BC26-5C42AD3B8AF5}.TestConfig1|Any CPU.ActiveCfg = Release|Any CPU
		{42FAEE5D-773E-4BCC-BC26-5C42AD3B8AF5}.TestConfig1|Any CPU.Build.0 = Release|Any CPU
		{42FAEE5D-773E-4BCC-BC26-5C42AD3B8AF5}.TestConfig2|Any CPU.ActiveCfg = Release|Any CPU
		{42FAEE5D-773E-4BCC-BC26-5C42AD3B8AF5}.TestConfig2|Any CPU.Build.0 = Release|Any CPU
		{34778295-D981-42E5-9D27-C97D4322BA9B}.Debug|Any CPU.ActiveCfg = Debug|Any CPU
		{34778295-D981-42E5-9D27-C97D4322BA9B}.Debug|Any CPU.Build.0 = Debug|Any CPU
		{34778295-D981-42E5-9D27-C97D4322BA9B}.Release|Any CPU.ActiveCfg = Release|Any CPU
		{34778295-D981-42E5-9D27-C97D4322BA9B}.Release|Any CPU.Build.0 = Release|Any CPU
		{34778295-D981-42E5-9D27-C97D4322BA9B}.TestConfig1|Any CPU.ActiveCfg = Release|Any CPU
		{34778295-D981-42E5-9D27-C97D4322BA9B}.TestConfig1|Any CPU.Build.0 = Release|Any CPU
		{34778295-D981-42E5-9D27-C97D4322BA9B}.TestConfig2|Any CPU.ActiveCfg = Release|Any CPU
		{34778295-D981-42E5-9D27-C97D4322BA9B}.TestConfig2|Any CPU.Build.0 = Release|Any CPU
		{D0154987-A54A-4755-BDAC-CA56A8005922}.Debug|Any CPU.ActiveCfg = Debug|Any CPU
		{D0154987-A54A-4755-BDAC-CA56A8005922}.Debug|Any CPU.Build.0 = Debug|Any CPU
		{D0154987-A54A-4755-BDAC-CA56A8005922}.Release|Any CPU.ActiveCfg = Release|Any CPU
		{D0154987-A54A-4755-BDAC-CA56A8005922}.Release|Any CPU.Build.0 = Release|Any CPU
		{D0154987-A54A-4755-BDAC-CA56A8005922}.TestConfig1|Any CPU.ActiveCfg = Release|Any CPU
		{D0154987-A54A-4755-BDAC-CA56A8005922}.TestConfig1|Any CPU.Build.0 = Release|Any CPU
		{D0154987-A54A-4755-BDAC-CA56A8005922}.TestConfig2|Any CPU.ActiveCfg = Release|Any CPU
		{D0154987-A54A-4755-BDAC-CA56A8005922}.TestConfig2|Any CPU.Build.0 = Release|Any CPU
		{C2FDAB41-076C-49DD-A039-D8DB8A81BD29}.Debug|Any CPU.ActiveCfg = Debug|Any CPU
		{C2FDAB41-076C-49DD-A039-D8DB8A81BD29}.Debug|Any CPU.Build.0 = Debug|Any CPU
		{C2FDAB41-076C-49DD-A039-D8DB8A81BD29}.Release|Any CPU.ActiveCfg = Release|Any CPU
		{C2FDAB41-076C-49DD-A039-D8DB8A81BD29}.Release|Any CPU.Build.0 = Release|Any CPU
		{C2FDAB41-076C-49DD-A039-D8DB8A81BD29}.TestConfig1|Any CPU.ActiveCfg = Release|Any CPU
		{C2FDAB41-076C-49DD-A039-D8DB8A81BD29}.TestConfig1|Any CPU.Build.0 = Release|Any CPU
		{C2FDAB41-076C-49DD-A039-D8DB8A81BD29}.TestConfig2|Any CPU.ActiveCfg = Release|Any CPU
		{C2FDAB41-076C-49DD-A039-D8DB8A81BD29}.TestConfig2|Any CPU.Build.0 = Release|Any CPU
		{647E2FD7-44A4-4243-97E2-DCBB1680ECEE}.Debug|Any CPU.ActiveCfg = Debug|Any CPU
		{647E2FD7-44A4-4243-97E2-DCBB1680ECEE}.Debug|Any CPU.Build.0 = Debug|Any CPU
		{647E2FD7-44A4-4243-97E2-DCBB1680ECEE}.Release|Any CPU.ActiveCfg = Release|Any CPU
		{647E2FD7-44A4-4243-97E2-DCBB1680ECEE}.Release|Any CPU.Build.0 = Release|Any CPU
		{647E2FD7-44A4-4243-97E2-DCBB1680ECEE}.TestConfig1|Any CPU.ActiveCfg = Release|Any CPU
		{647E2FD7-44A4-4243-97E2-DCBB1680ECEE}.TestConfig1|Any CPU.Build.0 = Release|Any CPU
		{647E2FD7-44A4-4243-97E2-DCBB1680ECEE}.TestConfig2|Any CPU.ActiveCfg = Release|Any CPU
		{647E2FD7-44A4-4243-97E2-DCBB1680ECEE}.TestConfig2|Any CPU.Build.0 = Release|Any CPU
		{9E51E20D-2E2C-4E5B-B9F8-4B6CD49040F9}.Debug|Any CPU.ActiveCfg = Debug|Any CPU
		{9E51E20D-2E2C-4E5B-B9F8-4B6CD49040F9}.Debug|Any CPU.Build.0 = Debug|Any CPU
		{9E51E20D-2E2C-4E5B-B9F8-4B6CD49040F9}.Release|Any CPU.ActiveCfg = Release|Any CPU
		{9E51E20D-2E2C-4E5B-B9F8-4B6CD49040F9}.Release|Any CPU.Build.0 = Release|Any CPU
		{9E51E20D-2E2C-4E5B-B9F8-4B6CD49040F9}.TestConfig1|Any CPU.ActiveCfg = Release|Any CPU
		{9E51E20D-2E2C-4E5B-B9F8-4B6CD49040F9}.TestConfig1|Any CPU.Build.0 = Release|Any CPU
		{9E51E20D-2E2C-4E5B-B9F8-4B6CD49040F9}.TestConfig2|Any CPU.ActiveCfg = Release|Any CPU
		{9E51E20D-2E2C-4E5B-B9F8-4B6CD49040F9}.TestConfig2|Any CPU.Build.0 = Release|Any CPU
		{00A7DE66-E41C-4F69-8BD5-5959103B48FF}.Debug|Any CPU.ActiveCfg = Debug|Any CPU
		{00A7DE66-E41C-4F69-8BD5-5959103B48FF}.Debug|Any CPU.Build.0 = Debug|Any CPU
		{00A7DE66-E41C-4F69-8BD5-5959103B48FF}.Release|Any CPU.ActiveCfg = Release|Any CPU
		{00A7DE66-E41C-4F69-8BD5-5959103B48FF}.Release|Any CPU.Build.0 = Release|Any CPU
		{00A7DE66-E41C-4F69-8BD5-5959103B48FF}.TestConfig1|Any CPU.ActiveCfg = Release|Any CPU
		{00A7DE66-E41C-4F69-8BD5-5959103B48FF}.TestConfig1|Any CPU.Build.0 = Release|Any CPU
		{00A7DE66-E41C-4F69-8BD5-5959103B48FF}.TestConfig2|Any CPU.ActiveCfg = Release|Any CPU
		{00A7DE66-E41C-4F69-8BD5-5959103B48FF}.TestConfig2|Any CPU.Build.0 = Release|Any CPU
		{89A4089A-C054-42F7-8899-88DF12131EB9}.Debug|Any CPU.ActiveCfg = Debug|Any CPU
		{89A4089A-C054-42F7-8899-88DF12131EB9}.Debug|Any CPU.Build.0 = Debug|Any CPU
		{89A4089A-C054-42F7-8899-88DF12131EB9}.Release|Any CPU.ActiveCfg = Release|Any CPU
		{89A4089A-C054-42F7-8899-88DF12131EB9}.Release|Any CPU.Build.0 = Release|Any CPU
		{89A4089A-C054-42F7-8899-88DF12131EB9}.TestConfig1|Any CPU.ActiveCfg = Release|Any CPU
		{89A4089A-C054-42F7-8899-88DF12131EB9}.TestConfig1|Any CPU.Build.0 = Release|Any CPU
		{89A4089A-C054-42F7-8899-88DF12131EB9}.TestConfig2|Any CPU.ActiveCfg = Release|Any CPU
		{89A4089A-C054-42F7-8899-88DF12131EB9}.TestConfig2|Any CPU.Build.0 = Release|Any CPU
		{B70EB7FB-A0D8-4CB5-B8EA-C9389AE71332}.Debug|Any CPU.ActiveCfg = Debug|Any CPU
		{B70EB7FB-A0D8-4CB5-B8EA-C9389AE71332}.Debug|Any CPU.Build.0 = Debug|Any CPU
		{B70EB7FB-A0D8-4CB5-B8EA-C9389AE71332}.Release|Any CPU.ActiveCfg = Release|Any CPU
		{B70EB7FB-A0D8-4CB5-B8EA-C9389AE71332}.Release|Any CPU.Build.0 = Release|Any CPU
		{B70EB7FB-A0D8-4CB5-B8EA-C9389AE71332}.TestConfig1|Any CPU.ActiveCfg = Release|Any CPU
		{B70EB7FB-A0D8-4CB5-B8EA-C9389AE71332}.TestConfig1|Any CPU.Build.0 = Release|Any CPU
		{B70EB7FB-A0D8-4CB5-B8EA-C9389AE71332}.TestConfig2|Any CPU.ActiveCfg = Release|Any CPU
		{B70EB7FB-A0D8-4CB5-B8EA-C9389AE71332}.TestConfig2|Any CPU.Build.0 = Release|Any CPU
		{CEFA0CB8-6FEA-4205-89C0-EB8553FFF6B0}.Debug|Any CPU.ActiveCfg = Debug|Any CPU
		{CEFA0CB8-6FEA-4205-89C0-EB8553FFF6B0}.Debug|Any CPU.Build.0 = Debug|Any CPU
		{CEFA0CB8-6FEA-4205-89C0-EB8553FFF6B0}.Release|Any CPU.ActiveCfg = Release|Any CPU
		{CEFA0CB8-6FEA-4205-89C0-EB8553FFF6B0}.Release|Any CPU.Build.0 = Release|Any CPU
		{CEFA0CB8-6FEA-4205-89C0-EB8553FFF6B0}.TestConfig1|Any CPU.ActiveCfg = Release|Any CPU
		{CEFA0CB8-6FEA-4205-89C0-EB8553FFF6B0}.TestConfig1|Any CPU.Build.0 = Release|Any CPU
		{CEFA0CB8-6FEA-4205-89C0-EB8553FFF6B0}.TestConfig2|Any CPU.ActiveCfg = Release|Any CPU
		{CEFA0CB8-6FEA-4205-89C0-EB8553FFF6B0}.TestConfig2|Any CPU.Build.0 = Release|Any CPU
		{2758E6A9-F9CE-46DF-A92F-40BDF374A08B}.Debug|Any CPU.ActiveCfg = Debug|Any CPU
		{2758E6A9-F9CE-46DF-A92F-40BDF374A08B}.Debug|Any CPU.Build.0 = Debug|Any CPU
		{2758E6A9-F9CE-46DF-A92F-40BDF374A08B}.Release|Any CPU.ActiveCfg = Release|Any CPU
		{2758E6A9-F9CE-46DF-A92F-40BDF374A08B}.Release|Any CPU.Build.0 = Release|Any CPU
		{2758E6A9-F9CE-46DF-A92F-40BDF374A08B}.TestConfig1|Any CPU.ActiveCfg = Release|Any CPU
		{2758E6A9-F9CE-46DF-A92F-40BDF374A08B}.TestConfig1|Any CPU.Build.0 = Release|Any CPU
		{2758E6A9-F9CE-46DF-A92F-40BDF374A08B}.TestConfig2|Any CPU.ActiveCfg = Release|Any CPU
		{2758E6A9-F9CE-46DF-A92F-40BDF374A08B}.TestConfig2|Any CPU.Build.0 = Release|Any CPU
		{4395DEF0-E4D1-44E3-94D2-E39C0F645449}.Debug|Any CPU.ActiveCfg = Debug|Any CPU
		{4395DEF0-E4D1-44E3-94D2-E39C0F645449}.Debug|Any CPU.Build.0 = Debug|Any CPU
		{4395DEF0-E4D1-44E3-94D2-E39C0F645449}.Release|Any CPU.ActiveCfg = Release|Any CPU
		{4395DEF0-E4D1-44E3-94D2-E39C0F645449}.Release|Any CPU.Build.0 = Release|Any CPU
		{4395DEF0-E4D1-44E3-94D2-E39C0F645449}.TestConfig1|Any CPU.ActiveCfg = Release|Any CPU
		{4395DEF0-E4D1-44E3-94D2-E39C0F645449}.TestConfig1|Any CPU.Build.0 = Release|Any CPU
		{4395DEF0-E4D1-44E3-94D2-E39C0F645449}.TestConfig2|Any CPU.ActiveCfg = Release|Any CPU
		{4395DEF0-E4D1-44E3-94D2-E39C0F645449}.TestConfig2|Any CPU.Build.0 = Release|Any CPU
		{7EE1D5BB-5EFE-4A96-8064-638B89D5925F}.Debug|Any CPU.ActiveCfg = Debug|Any CPU
		{7EE1D5BB-5EFE-4A96-8064-638B89D5925F}.Debug|Any CPU.Build.0 = Debug|Any CPU
		{7EE1D5BB-5EFE-4A96-8064-638B89D5925F}.Release|Any CPU.ActiveCfg = Release|Any CPU
		{7EE1D5BB-5EFE-4A96-8064-638B89D5925F}.Release|Any CPU.Build.0 = Release|Any CPU
		{7EE1D5BB-5EFE-4A96-8064-638B89D5925F}.TestConfig1|Any CPU.ActiveCfg = Release|Any CPU
		{7EE1D5BB-5EFE-4A96-8064-638B89D5925F}.TestConfig1|Any CPU.Build.0 = Release|Any CPU
		{7EE1D5BB-5EFE-4A96-8064-638B89D5925F}.TestConfig2|Any CPU.ActiveCfg = Release|Any CPU
		{7EE1D5BB-5EFE-4A96-8064-638B89D5925F}.TestConfig2|Any CPU.Build.0 = Release|Any CPU
		{3028CA5A-17A3-4B15-92EE-9DC37B7CAC20}.Debug|Any CPU.ActiveCfg = Debug|Any CPU
		{3028CA5A-17A3-4B15-92EE-9DC37B7CAC20}.Debug|Any CPU.Build.0 = Debug|Any CPU
		{3028CA5A-17A3-4B15-92EE-9DC37B7CAC20}.Release|Any CPU.ActiveCfg = Release|Any CPU
		{3028CA5A-17A3-4B15-92EE-9DC37B7CAC20}.Release|Any CPU.Build.0 = Release|Any CPU
		{3028CA5A-17A3-4B15-92EE-9DC37B7CAC20}.TestConfig1|Any CPU.ActiveCfg = Release|Any CPU
		{3028CA5A-17A3-4B15-92EE-9DC37B7CAC20}.TestConfig1|Any CPU.Build.0 = Release|Any CPU
		{3028CA5A-17A3-4B15-92EE-9DC37B7CAC20}.TestConfig2|Any CPU.ActiveCfg = Release|Any CPU
		{3028CA5A-17A3-4B15-92EE-9DC37B7CAC20}.TestConfig2|Any CPU.Build.0 = Release|Any CPU
		{562716BD-B006-465F-AF19-9FD24C659D50}.Debug|Any CPU.ActiveCfg = Debug|Any CPU
		{562716BD-B006-465F-AF19-9FD24C659D50}.Debug|Any CPU.Build.0 = Debug|Any CPU
		{562716BD-B006-465F-AF19-9FD24C659D50}.Release|Any CPU.ActiveCfg = Release|Any CPU
		{562716BD-B006-465F-AF19-9FD24C659D50}.Release|Any CPU.Build.0 = Release|Any CPU
		{562716BD-B006-465F-AF19-9FD24C659D50}.TestConfig1|Any CPU.ActiveCfg = Release|Any CPU
		{562716BD-B006-465F-AF19-9FD24C659D50}.TestConfig1|Any CPU.Build.0 = Release|Any CPU
		{562716BD-B006-465F-AF19-9FD24C659D50}.TestConfig2|Any CPU.ActiveCfg = Release|Any CPU
		{562716BD-B006-465F-AF19-9FD24C659D50}.TestConfig2|Any CPU.Build.0 = Release|Any CPU
		{19FE52D8-4E77-4705-BB22-EBD5958AB1A1}.Debug|Any CPU.ActiveCfg = Debug|Any CPU
		{19FE52D8-4E77-4705-BB22-EBD5958AB1A1}.Debug|Any CPU.Build.0 = Debug|Any CPU
		{19FE52D8-4E77-4705-BB22-EBD5958AB1A1}.Release|Any CPU.ActiveCfg = Release|Any CPU
		{19FE52D8-4E77-4705-BB22-EBD5958AB1A1}.Release|Any CPU.Build.0 = Release|Any CPU
		{19FE52D8-4E77-4705-BB22-EBD5958AB1A1}.TestConfig1|Any CPU.ActiveCfg = Release|Any CPU
		{19FE52D8-4E77-4705-BB22-EBD5958AB1A1}.TestConfig1|Any CPU.Build.0 = Release|Any CPU
		{19FE52D8-4E77-4705-BB22-EBD5958AB1A1}.TestConfig2|Any CPU.ActiveCfg = Release|Any CPU
		{19FE52D8-4E77-4705-BB22-EBD5958AB1A1}.TestConfig2|Any CPU.Build.0 = Release|Any CPU
		{6B1E947C-3E26-46C5-ABBF-8A80F0AB0494}.Debug|Any CPU.ActiveCfg = Debug|Any CPU
		{6B1E947C-3E26-46C5-ABBF-8A80F0AB0494}.Debug|Any CPU.Build.0 = Debug|Any CPU
		{6B1E947C-3E26-46C5-ABBF-8A80F0AB0494}.Release|Any CPU.ActiveCfg = Release|Any CPU
		{6B1E947C-3E26-46C5-ABBF-8A80F0AB0494}.Release|Any CPU.Build.0 = Release|Any CPU
		{6B1E947C-3E26-46C5-ABBF-8A80F0AB0494}.TestConfig1|Any CPU.ActiveCfg = Release|Any CPU
		{6B1E947C-3E26-46C5-ABBF-8A80F0AB0494}.TestConfig1|Any CPU.Build.0 = Release|Any CPU
		{6B1E947C-3E26-46C5-ABBF-8A80F0AB0494}.TestConfig2|Any CPU.ActiveCfg = Release|Any CPU
		{6B1E947C-3E26-46C5-ABBF-8A80F0AB0494}.TestConfig2|Any CPU.Build.0 = Release|Any CPU
		{47C73F12-2D34-4CF5-8D3F-F1D6D9036032}.Debug|Any CPU.ActiveCfg = Debug|Any CPU
		{47C73F12-2D34-4CF5-8D3F-F1D6D9036032}.Debug|Any CPU.Build.0 = Debug|Any CPU
		{47C73F12-2D34-4CF5-8D3F-F1D6D9036032}.Release|Any CPU.ActiveCfg = Release|Any CPU
		{47C73F12-2D34-4CF5-8D3F-F1D6D9036032}.Release|Any CPU.Build.0 = Release|Any CPU
		{47C73F12-2D34-4CF5-8D3F-F1D6D9036032}.TestConfig1|Any CPU.ActiveCfg = Release|Any CPU
		{47C73F12-2D34-4CF5-8D3F-F1D6D9036032}.TestConfig1|Any CPU.Build.0 = Release|Any CPU
		{47C73F12-2D34-4CF5-8D3F-F1D6D9036032}.TestConfig2|Any CPU.ActiveCfg = Release|Any CPU
		{47C73F12-2D34-4CF5-8D3F-F1D6D9036032}.TestConfig2|Any CPU.Build.0 = Release|Any CPU
		{64CDBC39-2218-4B85-90FB-5462D72F2DA7}.Debug|Any CPU.ActiveCfg = Debug|Any CPU
		{64CDBC39-2218-4B85-90FB-5462D72F2DA7}.Debug|Any CPU.Build.0 = Debug|Any CPU
		{64CDBC39-2218-4B85-90FB-5462D72F2DA7}.Release|Any CPU.ActiveCfg = Release|Any CPU
		{64CDBC39-2218-4B85-90FB-5462D72F2DA7}.Release|Any CPU.Build.0 = Release|Any CPU
		{64CDBC39-2218-4B85-90FB-5462D72F2DA7}.TestConfig1|Any CPU.ActiveCfg = Release|Any CPU
		{64CDBC39-2218-4B85-90FB-5462D72F2DA7}.TestConfig1|Any CPU.Build.0 = Release|Any CPU
		{64CDBC39-2218-4B85-90FB-5462D72F2DA7}.TestConfig2|Any CPU.ActiveCfg = Release|Any CPU
		{64CDBC39-2218-4B85-90FB-5462D72F2DA7}.TestConfig2|Any CPU.Build.0 = Release|Any CPU
		{42400805-459E-4C08-A53B-A5A05D3F79BE}.Debug|Any CPU.ActiveCfg = TestConfig1|Any CPU
		{42400805-459E-4C08-A53B-A5A05D3F79BE}.Debug|Any CPU.Build.0 = TestConfig1|Any CPU
		{42400805-459E-4C08-A53B-A5A05D3F79BE}.Release|Any CPU.ActiveCfg = Release|Any CPU
		{42400805-459E-4C08-A53B-A5A05D3F79BE}.Release|Any CPU.Build.0 = Release|Any CPU
		{42400805-459E-4C08-A53B-A5A05D3F79BE}.TestConfig1|Any CPU.ActiveCfg = TestConfig1|Any CPU
		{42400805-459E-4C08-A53B-A5A05D3F79BE}.TestConfig1|Any CPU.Build.0 = TestConfig1|Any CPU
		{42400805-459E-4C08-A53B-A5A05D3F79BE}.TestConfig2|Any CPU.ActiveCfg = TestConfig2|Any CPU
		{42400805-459E-4C08-A53B-A5A05D3F79BE}.TestConfig2|Any CPU.Build.0 = TestConfig2|Any CPU
		{90432D0A-5959-4186-BCE7-8F4D3604DAB0}.Debug|Any CPU.ActiveCfg = Debug|Any CPU
		{90432D0A-5959-4186-BCE7-8F4D3604DAB0}.Debug|Any CPU.Build.0 = Debug|Any CPU
		{90432D0A-5959-4186-BCE7-8F4D3604DAB0}.Release|Any CPU.ActiveCfg = Release|Any CPU
		{90432D0A-5959-4186-BCE7-8F4D3604DAB0}.Release|Any CPU.Build.0 = Release|Any CPU
		{90432D0A-5959-4186-BCE7-8F4D3604DAB0}.TestConfig1|Any CPU.ActiveCfg = Release|Any CPU
		{90432D0A-5959-4186-BCE7-8F4D3604DAB0}.TestConfig1|Any CPU.Build.0 = Release|Any CPU
		{90432D0A-5959-4186-BCE7-8F4D3604DAB0}.TestConfig2|Any CPU.ActiveCfg = Release|Any CPU
		{90432D0A-5959-4186-BCE7-8F4D3604DAB0}.TestConfig2|Any CPU.Build.0 = Release|Any CPU
		{5ED3D408-9123-4D29-A2ED-C4C2DC99AB88}.Debug|Any CPU.ActiveCfg = Debug|Any CPU
		{5ED3D408-9123-4D29-A2ED-C4C2DC99AB88}.Debug|Any CPU.Build.0 = Debug|Any CPU
		{5ED3D408-9123-4D29-A2ED-C4C2DC99AB88}.Release|Any CPU.ActiveCfg = Release|Any CPU
		{5ED3D408-9123-4D29-A2ED-C4C2DC99AB88}.Release|Any CPU.Build.0 = Release|Any CPU
		{5ED3D408-9123-4D29-A2ED-C4C2DC99AB88}.TestConfig1|Any CPU.ActiveCfg = Release|Any CPU
		{5ED3D408-9123-4D29-A2ED-C4C2DC99AB88}.TestConfig1|Any CPU.Build.0 = Release|Any CPU
		{5ED3D408-9123-4D29-A2ED-C4C2DC99AB88}.TestConfig2|Any CPU.ActiveCfg = Release|Any CPU
		{5ED3D408-9123-4D29-A2ED-C4C2DC99AB88}.TestConfig2|Any CPU.Build.0 = Release|Any CPU
		{BCBD44A4-FF7E-4C8C-8421-A469A0B3F173}.Debug|Any CPU.ActiveCfg = Debug|Any CPU
		{BCBD44A4-FF7E-4C8C-8421-A469A0B3F173}.Debug|Any CPU.Build.0 = Debug|Any CPU
		{BCBD44A4-FF7E-4C8C-8421-A469A0B3F173}.Release|Any CPU.ActiveCfg = Release|Any CPU
		{BCBD44A4-FF7E-4C8C-8421-A469A0B3F173}.Release|Any CPU.Build.0 = Release|Any CPU
		{BCBD44A4-FF7E-4C8C-8421-A469A0B3F173}.TestConfig1|Any CPU.ActiveCfg = Release|Any CPU
		{BCBD44A4-FF7E-4C8C-8421-A469A0B3F173}.TestConfig1|Any CPU.Build.0 = Release|Any CPU
		{BCBD44A4-FF7E-4C8C-8421-A469A0B3F173}.TestConfig2|Any CPU.ActiveCfg = Release|Any CPU
		{BCBD44A4-FF7E-4C8C-8421-A469A0B3F173}.TestConfig2|Any CPU.Build.0 = Release|Any CPU
		{18F6A6A4-963D-4833-B1DA-93142BF5437C}.Debug|Any CPU.ActiveCfg = Debug|Any CPU
		{18F6A6A4-963D-4833-B1DA-93142BF5437C}.Debug|Any CPU.Build.0 = Debug|Any CPU
		{18F6A6A4-963D-4833-B1DA-93142BF5437C}.Release|Any CPU.ActiveCfg = Release|Any CPU
		{18F6A6A4-963D-4833-B1DA-93142BF5437C}.Release|Any CPU.Build.0 = Release|Any CPU
		{18F6A6A4-963D-4833-B1DA-93142BF5437C}.TestConfig1|Any CPU.ActiveCfg = Release|Any CPU
		{18F6A6A4-963D-4833-B1DA-93142BF5437C}.TestConfig1|Any CPU.Build.0 = Release|Any CPU
		{18F6A6A4-963D-4833-B1DA-93142BF5437C}.TestConfig2|Any CPU.ActiveCfg = Release|Any CPU
		{18F6A6A4-963D-4833-B1DA-93142BF5437C}.TestConfig2|Any CPU.Build.0 = Release|Any CPU
		{F12E32AE-DBE5-499D-888E-999FB667DD2E}.Debug|Any CPU.ActiveCfg = Debug|Any CPU
		{F12E32AE-DBE5-499D-888E-999FB667DD2E}.Debug|Any CPU.Build.0 = Debug|Any CPU
		{F12E32AE-DBE5-499D-888E-999FB667DD2E}.Release|Any CPU.ActiveCfg = Release|Any CPU
		{F12E32AE-DBE5-499D-888E-999FB667DD2E}.Release|Any CPU.Build.0 = Release|Any CPU
		{F12E32AE-DBE5-499D-888E-999FB667DD2E}.TestConfig1|Any CPU.ActiveCfg = Release|Any CPU
		{F12E32AE-DBE5-499D-888E-999FB667DD2E}.TestConfig1|Any CPU.Build.0 = Release|Any CPU
		{F12E32AE-DBE5-499D-888E-999FB667DD2E}.TestConfig2|Any CPU.ActiveCfg = Release|Any CPU
		{F12E32AE-DBE5-499D-888E-999FB667DD2E}.TestConfig2|Any CPU.Build.0 = Release|Any CPU
	EndGlobalSection
	GlobalSection(SolutionProperties) = preSolution
		HideSolutionNode = FALSE
	EndGlobalSection
	GlobalSection(ExtensibilityGlobals) = postSolution
		SolutionGuid = {D821304E-74D1-4BEC-B895-E91FA52AFA2F}
	EndGlobalSection
EndGlobal
